# generated by rye
# use `rye lock` or `rye sync` to update this lockfile
#
# last locked with the following flags:
#   pre: false
#   features: []
#   all-features: false
#   with-sources: false
#   generate-hashes: false

-e file:.
annotated-types==0.7.0
    # via pydantic
anyio==4.4.0
    # via httpx
atproto==0.0.52
    # via bsky-bots
black==24.2.0
blinker==1.8.2
    # via flask
certifi==2024.6.2
    # via httpcore
    # via httpx
cffi==1.16.0
    # via cryptography
click==8.1.7
    # via atproto
    # via black
    # via flask
cryptography==42.0.7
    # via atproto
dnspython==2.6.1
    # via atproto
flask==3.0.2
    # via bsky-bots
h11==0.14.0
    # via httpcore
httpcore==1.0.5
    # via httpx
httpx==0.26.0
    # via atproto
idna==3.7
    # via anyio
    # via httpx
itsdangerous==2.2.0
    # via flask
janome==0.5.0
    # via bsky-bots
jinja2==3.1.4
    # via flask
libipld==1.2.3
    # via atproto
markupsafe==2.1.5
    # via jinja2
    # via werkzeug
mypy-extensions==1.0.0
    # via black
numpy==1.26.0
    # via bsky-bots
    # via pandas
packaging==24.0
    # via black
pandas==2.2.0
    # via bsky-bots
pathspec==0.12.1
    # via black
platformdirs==4.2.2
    # via black
pycparser==2.22
    # via cffi
pydantic==2.7.2
    # via atproto
pydantic-core==2.18.3
    # via pydantic
python-dateutil==2.9.0.post0
    # via pandas
python-dotenv==1.0.1
    # via bsky-bots
pytz==2024.1
    # via pandas
six==1.16.0
    # via python-dateutil
sniffio==1.3.1
    # via anyio
    # via httpx
typing-extensions==4.12.1
    # via atproto
    # via pydantic
    # via pydantic-core
tzdata==2024.1
    # via pandas
websockets==12.0
    # via atproto
werkzeug==3.0.3
    # via flask
